
Microsoft Visual Studio Solution File, Format Version 12.00
# Visual Studio 2012
Project("{8BC9CEB8-8B4A-11D0-8D11-00A0C91BC942}") = "Tower_Defense", "Tower_Defense\Tower_Defense.vcxproj", "{FDF68BE2-B163-4F68-8F9A-19D7639EDFE7}"
EndProject
Global
	GlobalSection(SolutionConfigurationPlatforms) = preSolution
		Debug|Win32 = Debug|Win32
		Release|Win32 = Release|Win32
	EndGlobalSection
	GlobalSection(ProjectConfigurationPlatforms) = postSolution
		{FDF68BE2-B163-4F68-8F9A-19D7639EDFE7}.Debug|Win32.ActiveCfg = Debug|Win32
		{FDF68BE2-B163-4F68-8F9A-19D7639EDFE7}.Debug|Win32.Build.0 = Debug|Win32
		{FDF68BE2-B163-4F68-8F9A-19D7639EDFE7}.Release|Win32.ActiveCfg = Release|Win32
		{FDF68BE2-B163-4F68-8F9A-19D7639EDFE7}.Release|Win32.Build.0 = Release|Win32
	EndGlobalSection
	GlobalSection(SolutionProperties) = preSolution
		HideSolutionNode = FALSE
	EndGlobalSection
EndGlobal
